{
  "nodes": {
    "flake-compat": {
      "flake": false,
      "locked": {
        "lastModified": 1695612854,
        "narHash": "sha256-QPe1fENhAB4l/N04FulgItq1rfcpQMttGZzikV7h3iI=",
        "owner": "ElvishJerricco",
        "repo": "flake-compat",
        "rev": "ad8d6af6aa8a14851a60bd00927f42b9798544ea",
        "type": "github"
      },
      "original": {
        "owner": "ElvishJerricco",
        "ref": "add-overrideInputs",
        "repo": "flake-compat",
        "type": "github"
      }
    },
    "nixpkgs": {
      "locked": {
        "lastModified": 1773282481,
        "narHash": "sha256-b/GV2ysM8mKHhinse2wz+uP37epUrSE+sAKXy/xvBY4=",
        "owner": "NixOS",
        "repo": "nixpkgs",
        "rev": "fe416aaedd397cacb33a610b33d60ff2b431b127",
        "type": "github"
      },
      "original": {
        "owner": "NixOS",
        "ref": "nixos-unstable",
        "repo": "nixpkgs",
        "type": "github"
      }
    },
    "root": {
      "inputs": {
        "flake-compat": "flake-compat",
        "nixpkgs": "nixpkgs"
      }
    }
  },
  "root": "root",
  "version": 7
}
